
Microsoft Visual Studio Solution File, Format Version 12.00
# Visual Studio Version 17
VisualStudioVersion = 17.2.32616.157
MinimumVisualStudioVersion = 10.0.40219.1
Project("{FAE04EC0-301F-11D3-BF4B-00C04F79EFBC}") = "Redis", "Redis\Redis.csproj", "{8B8F77E6-F7A3-4E00-9E16-39B268C7B064}"
EndProject
Project("{2150E333-8FDC-42A3-9474-1A3956D46DE8}") = "Solution Items", "Solution Items", "{FAAC729A-5E39-4476-81BE-A58BF9C1C46A}"
	ProjectSection(SolutionItems) = preProject
		configuration.runsettings = configuration.runsettings
	EndProjectSection
EndProject
Global
	GlobalSection(SolutionConfigurationPlatforms) = preSolution
		Debug|Any CPU = Debug|Any CPU
		Release|Any CPU = Release|Any CPU
	EndGlobalSection
	GlobalSection(ProjectConfigurationPlatforms) = postSolution
		{8B8F77E6-F7A3-4E00-9E16-39B268C7B064}.Debug|Any CPU.ActiveCfg = Debug|Any CPU
		{8B8F77E6-F7A3-4E00-9E16-39B268C7B064}.Debug|Any CPU.Build.0 = Debug|Any CPU
		{8B8F77E6-F7A3-4E00-9E16-39B268C7B064}.Release|Any CPU.ActiveCfg = Release|Any CPU
		{8B8F77E6-F7A3-4E00-9E16-39B268C7B064}.Release|Any CPU.Build.0 = Release|Any CPU
	EndGlobalSection
	GlobalSection(SolutionProperties) = preSolution
		HideSolutionNode = FALSE
	EndGlobalSection
	GlobalSection(ExtensibilityGlobals) = postSolution
		SolutionGuid = {6EDA79D1-A11B-4376-9AE9-66B1ECE0A1E2}
	EndGlobalSection
EndGlobal
